// !$*UTF8*$!
{
	archiveVersion = 1;
	classes = {
	};
	objectVersion = 56;
	objects = {

/* Begin PBXBuildFile section */
		848F9C222C9399D700C51575 /* LavalabTechChallengeApp.swift in Sources */ = {isa = PBXBuildFile; fileRef = 848F9C212C9399D700C51575 /* LavalabTechChallengeApp.swift */; };
		848F9C242C9399D700C51575 /* ContentView.swift in Sources */ = {isa = PBXBuildFile; fileRef = 848F9C232C9399D700C51575 /* ContentView.swift */; };
		848F9C262C9399DC00C51575 /* Assets.xcassets in Resources */ = {isa = PBXBuildFile; fileRef = 848F9C252C9399DC00C51575 /* Assets.xcassets */; };
		848F9C2A2C9399DC00C51575 /* Preview Assets.xcassets in Resources */ = {isa = PBXBuildFile; fileRef = 848F9C292C9399DC00C51575 /* Preview Assets.xcassets */; };
		848F9C342C939AD100C51575 /* FirebaseAuth in Frameworks */ = {isa = PBXBuildFile; productRef = 848F9C332C939AD100C51575 /* FirebaseAuth */; };
		848F9C362C939AD100C51575 /* FirebaseFirestore in Frameworks */ = {isa = PBXBuildFile; productRef = 848F9C352C939AD100C51575 /* FirebaseFirestore */; };
		848F9C382C939AD100C51575 /* FirebaseFirestoreSwift in Frameworks */ = {isa = PBXBuildFile; productRef = 848F9C372C939AD100C51575 /* FirebaseFirestoreSwift */; };
		848F9C3A2C939AD100C51575 /* FirebaseStorage in Frameworks */ = {isa = PBXBuildFile; productRef = 848F9C392C939AD100C51575 /* FirebaseStorage */; };
		848F9C3C2C939AD100C51575 /* FirebaseStorageCombine-Community in Frameworks */ = {isa = PBXBuildFile; productRef = 848F9C3B2C939AD100C51575 /* FirebaseStorageCombine-Community */; };
		848F9C442C939C4F00C51575 /* HomeView.swift in Sources */ = {isa = PBXBuildFile; fileRef = 848F9C432C939C4F00C51575 /* HomeView.swift */; };
		848F9C462C939E3E00C51575 /* DrawerMenu.swift in Sources */ = {isa = PBXBuildFile; fileRef = 848F9C452C939E3E00C51575 /* DrawerMenu.swift */; };
		848F9C482C939F3F00C51575 /* DrawerMenuHeader.swift in Sources */ = {isa = PBXBuildFile; fileRef = 848F9C472C939F3F00C51575 /* DrawerMenuHeader.swift */; };
		848F9C4A2C9402A100C51575 /* DrawerMenuRowView.swift in Sources */ = {isa = PBXBuildFile; fileRef = 848F9C492C9402A000C51575 /* DrawerMenuRowView.swift */; };
		848F9C4C2C9403A300C51575 /* DrawerMenuOptionModel.swift in Sources */ = {isa = PBXBuildFile; fileRef = 848F9C4B2C9403A300C51575 /* DrawerMenuOptionModel.swift */; };
		848F9C512C942D9100C51575 /* DocumentCardView.swift in Sources */ = {isa = PBXBuildFile; fileRef = 848F9C502C942D9100C51575 /* DocumentCardView.swift */; };
		848F9C552C9431E400C51575 /* DocumentDetailsModel.swift in Sources */ = {isa = PBXBuildFile; fileRef = 848F9C542C9431E400C51575 /* DocumentDetailsModel.swift */; };
		848F9C592C94D62E00C51575 /* GoogleService-Info.plist in Resources */ = {isa = PBXBuildFile; fileRef = 848F9C582C94D62D00C51575 /* GoogleService-Info.plist */; };
		848F9C5B2C94D72700C51575 /* DocViewModel.swift in Sources */ = {isa = PBXBuildFile; fileRef = 848F9C5A2C94D72700C51575 /* DocViewModel.swift */; };
		848F9C5F2C94E0AC00C51575 /* ProjectFile.swift in Sources */ = {isa = PBXBuildFile; fileRef = 848F9C5E2C94E0AC00C51575 /* ProjectFile.swift */; };
/* End PBXBuildFile section */

/* Begin PBXFileReference section */
		848F9C1E2C9399D700C51575 /* LavalabTechChallenge.app */ = {isa = PBXFileReference; explicitFileType = wrapper.application; includeInIndex = 0; path = LavalabTechChallenge.app; sourceTree = BUILT_PRODUCTS_DIR; };
		848F9C212C9399D700C51575 /* LavalabTechChallengeApp.swift */ = {isa = PBXFileReference; lastKnownFileType = sourcecode.swift; path = LavalabTechChallengeApp.swift; sourceTree = "<group>"; };
		848F9C232C9399D700C51575 /* ContentView.swift */ = {isa = PBXFileReference; lastKnownFileType = sourcecode.swift; path = ContentView.swift; sourceTree = "<group>"; };
		848F9C252C9399DC00C51575 /* Assets.xcassets */ = {isa = PBXFileReference; lastKnownFileType = folder.assetcatalog; path = Assets.xcassets; sourceTree = "<group>"; };
		848F9C272C9399DC00C51575 /* LavalabTechChallenge.entitlements */ = {isa = PBXFileReference; lastKnownFileType = text.plist.entitlements; path = LavalabTechChallenge.entitlements; sourceTree = "<group>"; };
		848F9C292C9399DC00C51575 /* Preview Assets.xcassets */ = {isa = PBXFileReference; lastKnownFileType = folder.assetcatalog; path = "Preview Assets.xcassets"; sourceTree = "<group>"; };
		848F9C432C939C4F00C51575 /* HomeView.swift */ = {isa = PBXFileReference; lastKnownFileType = sourcecode.swift; path = HomeView.swift; sourceTree = "<group>"; };
		848F9C452C939E3E00C51575 /* DrawerMenu.swift */ = {isa = PBXFileReference; lastKnownFileType = sourcecode.swift; path = DrawerMenu.swift; sourceTree = "<group>"; };
		848F9C472C939F3F00C51575 /* DrawerMenuHeader.swift */ = {isa = PBXFileReference; lastKnownFileType = sourcecode.swift; path = DrawerMenuHeader.swift; sourceTree = "<group>"; };
		848F9C492C9402A000C51575 /* DrawerMenuRowView.swift */ = {isa = PBXFileReference; lastKnownFileType = sourcecode.swift; path = DrawerMenuRowView.swift; sourceTree = "<group>"; };
		848F9C4B2C9403A300C51575 /* DrawerMenuOptionModel.swift */ = {isa = PBXFileReference; lastKnownFileType = sourcecode.swift; path = DrawerMenuOptionModel.swift; sourceTree = "<group>"; };
		848F9C502C942D9100C51575 /* DocumentCardView.swift */ = {isa = PBXFileReference; lastKnownFileType = sourcecode.swift; path = DocumentCardView.swift; sourceTree = "<group>"; };
		848F9C542C9431E400C51575 /* DocumentDetailsModel.swift */ = {isa = PBXFileReference; lastKnownFileType = sourcecode.swift; path = DocumentDetailsModel.swift; sourceTree = "<group>"; };
		848F9C582C94D62D00C51575 /* GoogleService-Info.plist */ = {isa = PBXFileReference; fileEncoding = 4; lastKnownFileType = text.plist.xml; path = "GoogleService-Info.plist"; sourceTree = "<group>"; };
		848F9C5A2C94D72700C51575 /* DocViewModel.swift */ = {isa = PBXFileReference; lastKnownFileType = sourcecode.swift; path = DocViewModel.swift; sourceTree = "<group>"; };
		848F9C5E2C94E0AC00C51575 /* ProjectFile.swift */ = {isa = PBXFileReference; lastKnownFileType = sourcecode.swift; path = ProjectFile.swift; sourceTree = "<group>"; };
/* End PBXFileReference section */

/* Begin PBXFrameworksBuildPhase section */
		848F9C1B2C9399D700C51575 /* Frameworks */ = {
			isa = PBXFrameworksBuildPhase;
			buildActionMask = 2147483647;
			files = (
				848F9C342C939AD100C51575 /* FirebaseAuth in Frameworks */,
				848F9C3A2C939AD100C51575 /* FirebaseStorage in Frameworks */,
				848F9C3C2C939AD100C51575 /* FirebaseStorageCombine-Community in Frameworks */,
				848F9C362C939AD100C51575 /* FirebaseFirestore in Frameworks */,
				848F9C382C939AD100C51575 /* FirebaseFirestoreSwift in Frameworks */,
			);
			runOnlyForDeploymentPostprocessing = 0;
		};
/* End PBXFrameworksBuildPhase section */

/* Begin PBXGroup section */
		848F9C152C9399D700C51575 = {
			isa = PBXGroup;
			children = (
				848F9C202C9399D700C51575 /* LavalabTechChallenge */,
				848F9C1F2C9399D700C51575 /* Products */,
				848F9C602C94E8CF00C51575 /* Frameworks */,
			);
			sourceTree = "<group>";
		};
		848F9C1F2C9399D700C51575 /* Products */ = {
			isa = PBXGroup;
			children = (
				848F9C1E2C9399D700C51575 /* LavalabTechChallenge.app */,
			);
			name = Products;
			sourceTree = "<group>";
		};
		848F9C202C9399D700C51575 /* LavalabTechChallenge */ = {
			isa = PBXGroup;
			children = (
				848F9C582C94D62D00C51575 /* GoogleService-Info.plist */,
				848F9C4D2C94103100C51575 /* DocumentView */,
				848F9C422C939B7A00C51575 /* Model */,
				848F9C412C939B7000C51575 /* ViewModel */,
				848F9C402C939B5C00C51575 /* HomeView */,
				848F9C3F2C939B5100C51575 /* DrawerMenu */,
				848F9C3D2C939AFE00C51575 /* AddView */,
				848F9C212C9399D700C51575 /* LavalabTechChallengeApp.swift */,
				848F9C232C9399D700C51575 /* ContentView.swift */,
				848F9C252C9399DC00C51575 /* Assets.xcassets */,
				848F9C272C9399DC00C51575 /* LavalabTechChallenge.entitlements */,
				848F9C282C9399DC00C51575 /* Preview Content */,
			);
			path = LavalabTechChallenge;
			sourceTree = "<group>";
		};
		848F9C282C9399DC00C51575 /* Preview Content */ = {
			isa = PBXGroup;
			children = (
				848F9C292C9399DC00C51575 /* Preview Assets.xcassets */,
			);
			path = "Preview Content";
			sourceTree = "<group>";
		};
		848F9C3D2C939AFE00C51575 /* AddView */ = {
			isa = PBXGroup;
			children = (
			);
			name = AddView;
			path = "New Group";
			sourceTree = "<group>";
		};
		848F9C3F2C939B5100C51575 /* DrawerMenu */ = {
			isa = PBXGroup;
			children = (
				848F9C452C939E3E00C51575 /* DrawerMenu.swift */,
				848F9C472C939F3F00C51575 /* DrawerMenuHeader.swift */,
				848F9C492C9402A000C51575 /* DrawerMenuRowView.swift */,
			);
			path = DrawerMenu;
			sourceTree = "<group>";
		};
		848F9C402C939B5C00C51575 /* HomeView */ = {
			isa = PBXGroup;
			children = (
				848F9C432C939C4F00C51575 /* HomeView.swift */,
			);
			path = HomeView;
			sourceTree = "<group>";
		};
		848F9C412C939B7000C51575 /* ViewModel */ = {
			isa = PBXGroup;
			children = (
				848F9C5A2C94D72700C51575 /* DocViewModel.swift */,
			);
			path = ViewModel;
			sourceTree = "<group>";
		};
		848F9C422C939B7A00C51575 /* Model */ = {
			isa = PBXGroup;
			children = (
				848F9C4B2C9403A300C51575 /* DrawerMenuOptionModel.swift */,
				848F9C542C9431E400C51575 /* DocumentDetailsModel.swift */,
				848F9C5E2C94E0AC00C51575 /* ProjectFile.swift */,
			);
			path = Model;
			sourceTree = "<group>";
		};
		848F9C4D2C94103100C51575 /* DocumentView */ = {
			isa = PBXGroup;
			children = (
				848F9C502C942D9100C51575 /* DocumentCardView.swift */,
			);
			path = DocumentView;
			sourceTree = "<group>";
		};
		848F9C602C94E8CF00C51575 /* Frameworks */ = {
			isa = PBXGroup;
			children = (
			);
			name = Frameworks;
			sourceTree = "<group>";
		};
/* End PBXGroup section */

/* Begin PBXNativeTarget section */
		848F9C1D2C9399D700C51575 /* LavalabTechChallenge */ = {
			isa = PBXNativeTarget;
			buildConfigurationList = 848F9C2D2C9399DC00C51575 /* Build configuration list for PBXNativeTarget "LavalabTechChallenge" */;
			buildPhases = (
				848F9C1A2C9399D700C51575 /* Sources */,
				848F9C1B2C9399D700C51575 /* Frameworks */,
				848F9C1C2C9399D700C51575 /* Resources */,
			);
			buildRules = (
			);
			dependencies = (
			);
			name = LavalabTechChallenge;
			packageProductDependencies = (
				848F9C332C939AD100C51575 /* FirebaseAuth */,
				848F9C352C939AD100C51575 /* FirebaseFirestore */,
				848F9C372C939AD100C51575 /* FirebaseFirestoreSwift */,
				848F9C392C939AD100C51575 /* FirebaseStorage */,
				848F9C3B2C939AD100C51575 /* FirebaseStorageCombine-Community */,
			);
			productName = LavalabTechChallenge;
			productReference = 848F9C1E2C9399D700C51575 /* LavalabTechChallenge.app */;
			productType = "com.apple.product-type.application";
		};
/* End PBXNativeTarget section */

/* Begin PBXProject section */
		848F9C162C9399D700C51575 /* Project object */ = {
			isa = PBXProject;
			attributes = {
				BuildIndependentTargetsInParallel = 1;
				LastSwiftUpdateCheck = 1430;
				LastUpgradeCheck = 1430;
				TargetAttributes = {
					848F9C1D2C9399D700C51575 = {
						CreatedOnToolsVersion = 14.3.1;
					};
				};
			};
			buildConfigurationList = 848F9C192C9399D700C51575 /* Build configuration list for PBXProject "LavalabTechChallenge" */;
			compatibilityVersion = "Xcode 14.0";
			developmentRegion = en;
			hasScannedForEncodings = 0;
			knownRegions = (
				en,
				Base,
			);
			mainGroup = 848F9C152C9399D700C51575;
			packageReferences = (
				848F9C322C939AD100C51575 /* XCRemoteSwiftPackageReference "firebase-ios-sdk" */,
			);
			productRefGroup = 848F9C1F2C9399D700C51575 /* Products */;
			projectDirPath = "";
			projectRoot = "";
			targets = (
				848F9C1D2C9399D700C51575 /* LavalabTechChallenge */,
			);
		};
/* End PBXProject section */

/* Begin PBXResourcesBuildPhase section */
		848F9C1C2C9399D700C51575 /* Resources */ = {
			isa = PBXResourcesBuildPhase;
			buildActionMask = 2147483647;
			files = (
				848F9C2A2C9399DC00C51575 /* Preview Assets.xcassets in Resources */,
				848F9C262C9399DC00C51575 /* Assets.xcassets in Resources */,
				848F9C592C94D62E00C51575 /* GoogleService-Info.plist in Resources */,
			);
			runOnlyForDeploymentPostprocessing = 0;
		};
/* End PBXResourcesBuildPhase section */

/* Begin PBXSourcesBuildPhase section */
		848F9C1A2C9399D700C51575 /* Sources */ = {
			isa = PBXSourcesBuildPhase;
			buildActionMask = 2147483647;
			files = (
				848F9C442C939C4F00C51575 /* HomeView.swift in Sources */,
				848F9C5B2C94D72700C51575 /* DocViewModel.swift in Sources */,
				848F9C4A2C9402A100C51575 /* DrawerMenuRowView.swift in Sources */,
				848F9C552C9431E400C51575 /* DocumentDetailsModel.swift in Sources */,
				848F9C4C2C9403A300C51575 /* DrawerMenuOptionModel.swift in Sources */,
				848F9C462C939E3E00C51575 /* DrawerMenu.swift in Sources */,
				848F9C242C9399D700C51575 /* ContentView.swift in Sources */,
				848F9C5F2C94E0AC00C51575 /* ProjectFile.swift in Sources */,
				848F9C512C942D9100C51575 /* DocumentCardView.swift in Sources */,
				848F9C222C9399D700C51575 /* LavalabTechChallengeApp.swift in Sources */,
				848F9C482C939F3F00C51575 /* DrawerMenuHeader.swift in Sources */,
			);
			runOnlyForDeploymentPostprocessing = 0;
		};
/* End PBXSourcesBuildPhase section */

/* Begin XCBuildConfiguration section */
		848F9C2B2C9399DC00C51575 /* Debug */ = {
			isa = XCBuildConfiguration;
			buildSettings = {
				ALWAYS_SEARCH_USER_PATHS = NO;
				CLANG_ANALYZER_NONNULL = YES;
				CLANG_ANALYZER_NUMBER_OBJECT_CONVERSION = YES_AGGRESSIVE;
				CLANG_CXX_LANGUAGE_STANDARD = "gnu++20";
				CLANG_ENABLE_MODULES = YES;
				CLANG_ENABLE_OBJC_ARC = YES;
				CLANG_ENABLE_OBJC_WEAK = YES;
				CLANG_WARN_BLOCK_CAPTURE_AUTORELEASING = YES;
				CLANG_WARN_BOOL_CONVERSION = YES;
				CLANG_WARN_COMMA = YES;
				CLANG_WARN_CONSTANT_CONVERSION = YES;
				CLANG_WARN_DEPRECATED_OBJC_IMPLEMENTATIONS = YES;
				CLANG_WARN_DIRECT_OBJC_ISA_USAGE = YES_ERROR;
				CLANG_WARN_DOCUMENTATION_COMMENTS = YES;
				CLANG_WARN_EMPTY_BODY = YES;
				CLANG_WARN_ENUM_CONVERSION = YES;
				CLANG_WARN_INFINITE_RECURSION = YES;
				CLANG_WARN_INT_CONVERSION = YES;
				CLANG_WARN_NON_LITERAL_NULL_CONVERSION = YES;
				CLANG_WARN_OBJC_IMPLICIT_RETAIN_SELF = YES;
				CLANG_WARN_OBJC_LITERAL_CONVERSION = YES;
				CLANG_WARN_OBJC_ROOT_CLASS = YES_ERROR;
				CLANG_WARN_QUOTED_INCLUDE_IN_FRAMEWORK_HEADER = YES;
				CLANG_WARN_RANGE_LOOP_ANALYSIS = YES;
				CLANG_WARN_STRICT_PROTOTYPES = YES;
				CLANG_WARN_SUSPICIOUS_MOVE = YES;
				CLANG_WARN_UNGUARDED_AVAILABILITY = YES_AGGRESSIVE;
				CLANG_WARN_UNREACHABLE_CODE = YES;
				CLANG_WARN__DUPLICATE_METHOD_MATCH = YES;
				COPY_PHASE_STRIP = NO;
				DEBUG_INFORMATION_FORMAT = dwarf;
				ENABLE_STRICT_OBJC_MSGSEND = YES;
				ENABLE_TESTABILITY = YES;
				GCC_C_LANGUAGE_STANDARD = gnu11;
				GCC_DYNAMIC_NO_PIC = NO;
				GCC_NO_COMMON_BLOCKS = YES;
				GCC_OPTIMIZATION_LEVEL = 0;
				GCC_PREPROCESSOR_DEFINITIONS = (
					"DEBUG=1",
					"$(inherited)",
				);
				GCC_WARN_64_TO_32_BIT_CONVERSION = YES;
				GCC_WARN_ABOUT_RETURN_TYPE = YES_ERROR;
				GCC_WARN_UNDECLARED_SELECTOR = YES;
				GCC_WARN_UNINITIALIZED_AUTOS = YES_AGGRESSIVE;
				GCC_WARN_UNUSED_FUNCTION = YES;
				GCC_WARN_UNUSED_VARIABLE = YES;
				MTL_ENABLE_DEBUG_INFO = INCLUDE_SOURCE;
				MTL_FAST_MATH = YES;
				ONLY_ACTIVE_ARCH = YES;
				SWIFT_ACTIVE_COMPILATION_CONDITIONS = DEBUG;
				SWIFT_OPTIMIZATION_LEVEL = "-Onone";
			};
			name = Debug;
		};
		848F9C2C2C9399DC00C51575 /* Release */ = {
			isa = XCBuildConfiguration;
			buildSettings = {
				ALWAYS_SEARCH_USER_PATHS = NO;
				CLANG_ANALYZER_NONNULL = YES;
				CLANG_ANALYZER_NUMBER_OBJECT_CONVERSION = YES_AGGRESSIVE;
				CLANG_CXX_LANGUAGE_STANDARD = "gnu++20";
				CLANG_ENABLE_MODULES = YES;
				CLANG_ENABLE_OBJC_ARC = YES;
				CLANG_ENABLE_OBJC_WEAK = YES;
				CLANG_WARN_BLOCK_CAPTURE_AUTORELEASING = YES;
				CLANG_WARN_BOOL_CONVERSION = YES;
				CLANG_WARN_COMMA = YES;
				CLANG_WARN_CONSTANT_CONVERSION = YES;
				CLANG_WARN_DEPRECATED_OBJC_IMPLEMENTATIONS = YES;
				CLANG_WARN_DIRECT_OBJC_ISA_USAGE = YES_ERROR;
				CLANG_WARN_DOCUMENTATION_COMMENTS = YES;
				CLANG_WARN_EMPTY_BODY = YES;
				CLANG_WARN_ENUM_CONVERSION = YES;
				CLANG_WARN_INFINITE_RECURSION = YES;
				CLANG_WARN_INT_CONVERSION = YES;
				CLANG_WARN_NON_LITERAL_NULL_CONVERSION = YES;
				CLANG_WARN_OBJC_IMPLICIT_RETAIN_SELF = YES;
				CLANG_WARN_OBJC_LITERAL_CONVERSION = YES;
				CLANG_WARN_OBJC_ROOT_CLASS = YES_ERROR;
				CLANG_WARN_QUOTED_INCLUDE_IN_FRAMEWORK_HEADER = YES;
				CLANG_WARN_RANGE_LOOP_ANALYSIS = YES;
				CLANG_WARN_STRICT_PROTOTYPES = YES;
				CLANG_WARN_SUSPICIOUS_MOVE = YES;
				CLANG_WARN_UNGUARDED_AVAILABILITY = YES_AGGRESSIVE;
				CLANG_WARN_UNREACHABLE_CODE = YES;
				CLANG_WARN__DUPLICATE_METHOD_MATCH = YES;
				COPY_PHASE_STRIP = NO;
				DEBUG_INFORMATION_FORMAT = "dwarf-with-dsym";
				ENABLE_NS_ASSERTIONS = NO;
				ENABLE_STRICT_OBJC_MSGSEND = YES;
				GCC_C_LANGUAGE_STANDARD = gnu11;
				GCC_NO_COMMON_BLOCKS = YES;
				GCC_WARN_64_TO_32_BIT_CONVERSION = YES;
				GCC_WARN_ABOUT_RETURN_TYPE = YES_ERROR;
				GCC_WARN_UNDECLARED_SELECTOR = YES;
				GCC_WARN_UNINITIALIZED_AUTOS = YES_AGGRESSIVE;
				GCC_WARN_UNUSED_FUNCTION = YES;
				GCC_WARN_UNUSED_VARIABLE = YES;
				MTL_ENABLE_DEBUG_INFO = NO;
				MTL_FAST_MATH = YES;
				SWIFT_COMPILATION_MODE = wholemodule;
				SWIFT_OPTIMIZATION_LEVEL = "-O";
			};
			name = Release;
		};
		848F9C2E2C9399DC00C51575 /* Debug */ = {
			isa = XCBuildConfiguration;
			buildSettings = {
				ASSETCATALOG_COMPILER_APPICON_NAME = AppIcon;
				ASSETCATALOG_COMPILER_GLOBAL_ACCENT_COLOR_NAME = AccentColor;
				CODE_SIGN_ENTITLEMENTS = LavalabTechChallenge/LavalabTechChallenge.entitlements;
				CODE_SIGN_STYLE = Automatic;
				CURRENT_PROJECT_VERSION = 1;
				DEVELOPMENT_ASSET_PATHS = "\"LavalabTechChallenge/Preview Content\"";
				ENABLE_PREVIEWS = YES;
				GENERATE_INFOPLIST_FILE = YES;
				"INFOPLIST_KEY_UIApplicationSceneManifest_Generation[sdk=iphoneos*]" = YES;
				"INFOPLIST_KEY_UIApplicationSceneManifest_Generation[sdk=iphonesimulator*]" = YES;
				"INFOPLIST_KEY_UIApplicationSupportsIndirectInputEvents[sdk=iphoneos*]" = YES;
				"INFOPLIST_KEY_UIApplicationSupportsIndirectInputEvents[sdk=iphonesimulator*]" = YES;
				"INFOPLIST_KEY_UILaunchScreen_Generation[sdk=iphoneos*]" = YES;
				"INFOPLIST_KEY_UILaunchScreen_Generation[sdk=iphonesimulator*]" = YES;
				"INFOPLIST_KEY_UIStatusBarStyle[sdk=iphoneos*]" = UIStatusBarStyleDefault;
				"INFOPLIST_KEY_UIStatusBarStyle[sdk=iphonesimulator*]" = UIStatusBarStyleDefault;
				INFOPLIST_KEY_UISupportedInterfaceOrientations_iPad = "UIInterfaceOrientationPortrait UIInterfaceOrientationPortraitUpsideDown UIInterfaceOrientationLandscapeLeft UIInterfaceOrientationLandscapeRight";
				INFOPLIST_KEY_UISupportedInterfaceOrientations_iPhone = "UIInterfaceOrientationPortrait UIInterfaceOrientationLandscapeLeft UIInterfaceOrientationLandscapeRight";
				IPHONEOS_DEPLOYMENT_TARGET = 16.4;
				LD_RUNPATH_SEARCH_PATHS = "@executable_path/Frameworks";
				"LD_RUNPATH_SEARCH_PATHS[sdk=macosx*]" = "@executable_path/../Frameworks";
				MACOSX_DEPLOYMENT_TARGET = 13.3;
				MARKETING_VERSION = 1.0;
				PRODUCT_BUNDLE_IDENTIFIER = com.amrita.LavalabTechChallenge;
				PRODUCT_NAME = "$(TARGET_NAME)";
				SDKROOT = auto;
				SUPPORTED_PLATFORMS = "iphoneos iphonesimulator macosx";
				SWIFT_EMIT_LOC_STRINGS = YES;
				SWIFT_VERSION = 5.0;
				TARGETED_DEVICE_FAMILY = "1,2";
			};
			name = Debug;
		};
		848F9C2F2C9399DC00C51575 /* Release */ = {
			isa = XCBuildConfiguration;
			buildSettings = {
				ASSETCATALOG_COMPILER_APPICON_NAME = AppIcon;
				ASSETCATALOG_COMPILER_GLOBAL_ACCENT_COLOR_NAME = AccentColor;
				CODE_SIGN_ENTITLEMENTS = LavalabTechChallenge/LavalabTechChallenge.entitlements;
				CODE_SIGN_STYLE = Automatic;
				CURRENT_PROJECT_VERSION = 1;
				DEVELOPMENT_ASSET_PATHS = "\"LavalabTechChallenge/Preview Content\"";
				ENABLE_PREVIEWS = YES;
				GENERATE_INFOPLIST_FILE = YES;
				"INFOPLIST_KEY_UIApplicationSceneManifest_Generation[sdk=iphoneos*]" = YES;
				"INFOPLIST_KEY_UIApplicationSceneManifest_Generation[sdk=iphonesimulator*]" = YES;
				"INFOPLIST_KEY_UIApplicationSupportsIndirectInputEvents[sdk=iphoneos*]" = YES;
				"INFOPLIST_KEY_UIApplicationSupportsIndirectInputEvents[sdk=iphonesimulator*]" = YES;
				"INFOPLIST_KEY_UILaunchScreen_Generation[sdk=iphoneos*]" = YES;
				"INFOPLIST_KEY_UILaunchScreen_Generation[sdk=iphonesimulator*]" = YES;
				"INFOPLIST_KEY_UIStatusBarStyle[sdk=iphoneos*]" = UIStatusBarStyleDefault;
				"INFOPLIST_KEY_UIStatusBarStyle[sdk=iphonesimulator*]" = UIStatusBarStyleDefault;
				INFOPLIST_KEY_UISupportedInterfaceOrientations_iPad = "UIInterfaceOrientationPortrait UIInterfaceOrientationPortraitUpsideDown UIInterfaceOrientationLandscapeLeft UIInterfaceOrientationLandscapeRight";
				INFOPLIST_KEY_UISupportedInterfaceOrientations_iPhone = "UIInterfaceOrientationPortrait UIInterfaceOrientationLandscapeLeft UIInterfaceOrientationLandscapeRight";
				IPHONEOS_DEPLOYMENT_TARGET = 16.4;
				LD_RUNPATH_SEARCH_PATHS = "@executable_path/Frameworks";
				"LD_RUNPATH_SEARCH_PATHS[sdk=macosx*]" = "@executable_path/../Frameworks";
				MACOSX_DEPLOYMENT_TARGET = 13.3;
				MARKETING_VERSION = 1.0;
				PRODUCT_BUNDLE_IDENTIFIER = com.amrita.LavalabTechChallenge;
				PRODUCT_NAME = "$(TARGET_NAME)";
				SDKROOT = auto;
				SUPPORTED_PLATFORMS = "iphoneos iphonesimulator macosx";
				SWIFT_EMIT_LOC_STRINGS = YES;
				SWIFT_VERSION = 5.0;
				TARGETED_DEVICE_FAMILY = "1,2";
			};
			name = Release;
		};
/* End XCBuildConfiguration section */

/* Begin XCConfigurationList section */
		848F9C192C9399D700C51575 /* Build configuration list for PBXProject "LavalabTechChallenge" */ = {
			isa = XCConfigurationList;
			buildConfigurations = (
				848F9C2B2C9399DC00C51575 /* Debug */,
				848F9C2C2C9399DC00C51575 /* Release */,
			);
			defaultConfigurationIsVisible = 0;
			defaultConfigurationName = Release;
		};
		848F9C2D2C9399DC00C51575 /* Build configuration list for PBXNativeTarget "LavalabTechChallenge" */ = {
			isa = XCConfigurationList;
			buildConfigurations = (
				848F9C2E2C9399DC00C51575 /* Debug */,
				848F9C2F2C9399DC00C51575 /* Release */,
			);
			defaultConfigurationIsVisible = 0;
			defaultConfigurationName = Release;
		};
/* End XCConfigurationList section */

/* Begin XCRemoteSwiftPackageReference section */
		848F9C322C939AD100C51575 /* XCRemoteSwiftPackageReference "firebase-ios-sdk" */ = {
			isa = XCRemoteSwiftPackageReference;
			repositoryURL = "https://github.com/firebase/firebase-ios-sdk";
			requirement = {
				kind = upToNextMajorVersion;
				minimumVersion = 10.0.0;
			};
		};
/* End XCRemoteSwiftPackageReference section */

/* Begin XCSwiftPackageProductDependency section */
		848F9C332C939AD100C51575 /* FirebaseAuth */ = {
			isa = XCSwiftPackageProductDependency;
			package = 848F9C322C939AD100C51575 /* XCRemoteSwiftPackageReference "firebase-ios-sdk" */;
			productName = FirebaseAuth;
		};
		848F9C352C939AD100C51575 /* FirebaseFirestore */ = {
			isa = XCSwiftPackageProductDependency;
			package = 848F9C322C939AD100C51575 /* XCRemoteSwiftPackageReference "firebase-ios-sdk" */;
			productName = FirebaseFirestore;
		};
		848F9C372C939AD100C51575 /* FirebaseFirestoreSwift */ = {
			isa = XCSwiftPackageProductDependency;
			package = 848F9C322C939AD100C51575 /* XCRemoteSwiftPackageReference "firebase-ios-sdk" */;
			productName = FirebaseFirestoreSwift;
		};
		848F9C392C939AD100C51575 /* FirebaseStorage */ = {
			isa = XCSwiftPackageProductDependency;
			package = 848F9C322C939AD100C51575 /* XCRemoteSwiftPackageReference "firebase-ios-sdk" */;
			productName = FirebaseStorage;
		};
		848F9C3B2C939AD100C51575 /* FirebaseStorageCombine-Community */ = {
			isa = XCSwiftPackageProductDependency;
			package = 848F9C322C939AD100C51575 /* XCRemoteSwiftPackageReference "firebase-ios-sdk" */;
			productName = "FirebaseStorageCombine-Community";
		};
/* End XCSwiftPackageProductDependency section */
	};
	rootObject = 848F9C162C9399D700C51575 /* Project object */;
}
